{
  "name": "dhi",
  "version": "1.2.2",
  "lockfileVersion": 3,
  "requires": true,
  "packages": {
    "": {
      "name": "dhi",
      "version": "1.2.2",
      "license": "MIT",
      "dependencies": {
        "yuku-parser": "^0.4.4"
      },
      "devDependencies": {
        "@ai-sdk/groq": "^3.0.21",
        "@types/bun": "^1.2.5",
        "@types/node": "^20.19.30",
        "ai": "^6.0.71",
        "arktype": "^2.1.29",
        "typescript": "^5.9.3",
        "zod": "^4.3.6",
        "zod-to-json-schema": "^3.25.1"
      },
      "engines": {
        "node": ">=18.0.0"
      },
      "peerDependencies": {
        "typescript": "^5"
      },
      "peerDependenciesMeta": {
        "typescript": {
          "optional": true
        }
      }
    },
    "node_modules/@ai-sdk/gateway": {
      "version": "3.0.95",
      "resolved": "https://registry.npmjs.org/@ai-sdk/gateway/-/gateway-3.0.95.tgz",
      "integrity": "sha512-ZmUNNbZl3V42xwQzPaNUi+s8eqR2lnrxf0bvB6YbLXpLjHYv0k2Y78t12cNOfY0bxGeuVVTLyk856uLuQIuXEQ==",
      "dev": true,
      "license": "Apache-2.0",
      "dependencies": {
        "@ai-sdk/provider": "3.0.8",
        "@ai-sdk/provider-utils": "4.0.23",
        "@vercel/oidc": "3.1.0"
      },
      "engines": {
        "node": ">=18"
      },
      "peerDependencies": {
        "zod": "^3.25.76 || ^4.1.8"
      }
    },
    "node_modules/@ai-sdk/groq": {
      "version": "3.0.35",
      "resolved": "https://registry.npmjs.org/@ai-sdk/groq/-/groq-3.0.35.tgz",
      "integrity": "sha512-LXoPwSKaqXst9LyLN2J7gK8n7RldQLbP2zsnBYxXcOsXKrtceksqtbsmGXujvab2TM9FisquAw/ZG2hTbD5vnQ==",
      "dev": true,
      "license": "Apache-2.0",
      "dependencies": {
        "@ai-sdk/provider": "3.0.8",
        "@ai-sdk/provider-utils": "4.0.23"
      },
      "engines": {
        "node": ">=18"
      },
      "peerDependencies": {
        "zod": "^3.25.76 || ^4.1.8"
      }
    },
    "node_modules/@ai-sdk/provider": {
      "version": "3.0.8",
      "resolved": "https://registry.npmjs.org/@ai-sdk/provider/-/provider-3.0.8.tgz",
      "integrity": "sha512-oGMAgGoQdBXbZqNG0Ze56CHjDZ1IDYOwGYxYjO5KLSlz5HiNQ9udIXsPZ61VWaHGZ5XW/jyjmr6t2xz2jGVwbQ==",
      "dev": true,
      "license": "Apache-2.0",
      "dependencies": {
        "json-schema": "^0.4.0"
      },
      "engines": {
        "node": ">=18"
      }
    },
    "node_modules/@ai-sdk/provider-utils": {
      "version": "4.0.23",
      "resolved": "https://registry.npmjs.org/@ai-sdk/provider-utils/-/provider-utils-4.0.23.tgz",
      "integrity": "sha512-z8GlDaCmRSDlqkMF2f4/RFgWxdarvIbyuk+m6WXT1LYgsnGiXRJGTD2Z1+SDl3LqtFuRtGX1aghYvQLoHL/9pg==",
      "dev": true,
      "license": "Apache-2.0",
      "dependencies": {
        "@ai-sdk/provider": "3.0.8",
        "@standard-schema/spec": "^1.1.0",
        "eventsource-parser": "^3.0.6"
      },
      "engines": {
        "node": ">=18"
      },
      "peerDependencies": {
        "zod": "^3.25.76 || ^4.1.8"
      }
    },
    "node_modules/@ark/schema": {
      "version": "0.56.0",
      "resolved": "https://registry.npmjs.org/@ark/schema/-/schema-0.56.0.tgz",
      "integrity": "sha512-ECg3hox/6Z/nLajxXqNhgPtNdHWC9zNsDyskwO28WinoFEnWow4IsERNz9AnXRhTZJnYIlAJ4uGn3nlLk65vZA==",
      "dev": true,
      "license": "MIT",
      "dependencies": {
        "@ark/util": "0.56.0"
      }
    },
    "node_modules/@ark/util": {
      "version": "0.56.0",
      "resolved": "https://registry.npmjs.org/@ark/util/-/util-0.56.0.tgz",
      "integrity": "sha512-BghfRC8b9pNs3vBoDJhcta0/c1J1rsoS1+HgVUreMFPdhz/CRAKReAu57YEllNaSy98rWAdY1gE+gFup7OXpgA==",
      "dev": true,
      "license": "MIT"
    },
    "node_modules/@opentelemetry/api": {
      "version": "1.9.0",
      "resolved": "https://registry.npmjs.org/@opentelemetry/api/-/api-1.9.0.tgz",
      "integrity": "sha512-3giAOQvZiH5F9bMlMiv8+GSPMeqg0dbaeo58/0SlA9sxSqZhnUtxzX9/2FzyhS9sWQf5S0GJE0AKBrFqjpeYcg==",
      "dev": true,
      "license": "Apache-2.0",
      "engines": {
        "node": ">=8.0.0"
      }
    },
    "node_modules/@standard-schema/spec": {
      "version": "1.1.0",
      "resolved": "https://registry.npmjs.org/@standard-schema/spec/-/spec-1.1.0.tgz",
      "integrity": "sha512-l2aFy5jALhniG5HgqrD6jXLi/rUWrKvqN/qJx6yoJsgKhblVd+iqqU4RCXavm/jPityDo5TCvKMnpjKnOriy0w==",
      "dev": true,
      "license": "MIT"
    },
    "node_modules/@types/bun": {
      "version": "1.3.6",
      "resolved": "https://registry.npmjs.org/@types/bun/-/bun-1.3.6.tgz",
      "integrity": "sha512-uWCv6FO/8LcpREhenN1d1b6fcspAB+cefwD7uti8C8VffIv0Um08TKMn98FynpTiU38+y2dUO55T11NgDt8VAA==",
      "dev": true,
      "license": "MIT",
      "dependencies": {
        "bun-types": "1.3.6"
      }
    },
    "node_modules/@types/node": {
      "version": "20.19.30",
      "resolved": "https://registry.npmjs.org/@types/node/-/node-20.19.30.tgz",
      "integrity": "sha512-WJtwWJu7UdlvzEAUm484QNg5eAoq5QR08KDNx7g45Usrs2NtOPiX8ugDqmKdXkyL03rBqU5dYNYVQetEpBHq2g==",
      "dev": true,
      "license": "MIT",
      "dependencies": {
        "undici-types": "~6.21.0"
      }
    },
    "node_modules/@vercel/oidc": {
      "version": "3.1.0",
      "resolved": "https://registry.npmjs.org/@vercel/oidc/-/oidc-3.1.0.tgz",
      "integrity": "sha512-Fw28YZpRnA3cAHHDlkt7xQHiJ0fcL+NRcIqsocZQUSmbzeIKRpwttJjik5ZGanXP+vlA4SbTg+AbA3bP363l+w==",
      "dev": true,
      "license": "Apache-2.0",
      "engines": {
        "node": ">= 20"
      }
    },
    "node_modules/@yuku-parser/binding-darwin-arm64": {
      "version": "0.4.4",
      "resolved": "https://registry.npmjs.org/@yuku-parser/binding-darwin-arm64/-/binding-darwin-arm64-0.4.4.tgz",
      "integrity": "sha512-2kHkQqjmZKvKO4vquzCNAn9ak/DP0E/eprX3bMgopHwnJOGRwJX/MIBdlCsonBlQoSA7PtXh/fuv0bwKe+qTZQ==",
      "cpu": [
        "arm64"
      ],
      "optional": true,
      "os": [
        "darwin"
      ]
    },
    "node_modules/@yuku-parser/binding-darwin-x64": {
      "version": "0.4.4",
      "resolved": "https://registry.npmjs.org/@yuku-parser/binding-darwin-x64/-/binding-darwin-x64-0.4.4.tgz",
      "integrity": "sha512-b9y2JoEhmKCqlcZkFv7NrtctPrSOSh5JyIcAiNLmVZhAGFSIcmOdtkfE2+AN12QN6zybZXWb3VEKP7s7YJaNIQ==",
      "cpu": [
        "x64"
      ],
      "optional": true,
      "os": [
        "darwin"
      ]
    },
    "node_modules/@yuku-parser/binding-freebsd-x64": {
      "version": "0.4.4",
      "resolved": "https://registry.npmjs.org/@yuku-parser/binding-freebsd-x64/-/binding-freebsd-x64-0.4.4.tgz",
      "integrity": "sha512-xg5b2XKHCA5hh/IoAAxQP9BYM6BbCDCKqFz5XxLxGhgU1izvFqtOruSjVahjrW6OwMiT6Y/lwMqjPeaR9/GNpQ==",
      "cpu": [
        "x64"
      ],
      "optional": true,
      "os": [
        "freebsd"
      ]
    },
    "node_modules/@yuku-parser/binding-linux-arm-gnu": {
      "version": "0.4.4",
      "resolved": "https://registry.npmjs.org/@yuku-parser/binding-linux-arm-gnu/-/binding-linux-arm-gnu-0.4.4.tgz",
      "integrity": "sha512-M0poWP3HzeoMl87xOSIKWppV4nWNaa3sIjJMwNrxz+Oz4T13xfXo9uMoMBFYlHAPOmAdmtyUlqE1T/eO7t+TrA==",
      "cpu": [
        "arm"
      ],
      "optional": true,
      "os": [
        "linux"
      ]
    },
    "node_modules/@yuku-parser/binding-linux-arm-musl": {
      "version": "0.4.4",
      "resolved": "https://registry.npmjs.org/@yuku-parser/binding-linux-arm-musl/-/binding-linux-arm-musl-0.4.4.tgz",
      "integrity": "sha512-wquZIcJnhNSOz/tUFkzlg4sd4NwVsjaiWkeRkxnBS+n2d13qxuV0dIr8UXeNzCVWg1M9O94fMaDt5tv47XjaLw==",
      "cpu": [
        "arm"
      ],
      "optional": true,
      "os": [
        "linux"
      ]
    },
    "node_modules/@yuku-parser/binding-linux-arm64-gnu": {
      "version": "0.4.4",
      "resolved": "https://registry.npmjs.org/@yuku-parser/binding-linux-arm64-gnu/-/binding-linux-arm64-gnu-0.4.4.tgz",
      "integrity": "sha512-/5Li03z4oPzA5sBA9j73blt7XFfvhLSk8W79psm6GMogQIsKIyh9luAJL2PBPri7PQlewkPjewoO+aJjRfsqtQ==",
      "cpu": [
        "arm64"
      ],
      "optional": true,
      "os": [
        "linux"
      ]
    },
    "node_modules/@yuku-parser/binding-linux-arm64-musl": {
      "version": "0.4.4",
      "resolved": "https://registry.npmjs.org/@yuku-parser/binding-linux-arm64-musl/-/binding-linux-arm64-musl-0.4.4.tgz",
      "integrity": "sha512-HH/oGZF0myGQznio8Y7eCxOTxzhAJ+CVF/cb0KReHsWoDYTCacpUGoDkcZ4zg6YCxn5/P3QQ4TgPFCmjZngPEg==",
      "cpu": [
        "arm64"
      ],
      "optional": true,
      "os": [
        "linux"
      ]
    },
    "node_modules/@yuku-parser/binding-linux-x64-gnu": {
      "version": "0.4.4",
      "resolved": "https://registry.npmjs.org/@yuku-parser/binding-linux-x64-gnu/-/binding-linux-x64-gnu-0.4.4.tgz",
      "integrity": "sha512-PIiALxXpvZqft2iczqBgMfxvywYjEVZ+6ksv8+2/tOPhelI7sQ/UVdRu7hZ0tYym3PYMuymTeTqhZfxAwivy4g==",
      "cpu": [
        "x64"
      ],
      "optional": true,
      "os": [
        "linux"
      ]
    },
    "node_modules/@yuku-parser/binding-linux-x64-musl": {
      "version": "0.4.4",
      "resolved": "https://registry.npmjs.org/@yuku-parser/binding-linux-x64-musl/-/binding-linux-x64-musl-0.4.4.tgz",
      "integrity": "sha512-xQ5iezhXQUWOMxSqJb6uVI3H4TgHKpnXNC0kSV6Z6UtUyHGHEY7ulhgd2hL1DUEjYYBBoU9cH5ichzaP8vRRCA==",
      "cpu": [
        "x64"
      ],
      "optional": true,
      "os": [
        "linux"
      ]
    },
    "node_modules/@yuku-parser/binding-win32-arm64": {
      "version": "0.4.4",
      "resolved": "https://registry.npmjs.org/@yuku-parser/binding-win32-arm64/-/binding-win32-arm64-0.4.4.tgz",
      "integrity": "sha512-9tGQlf/2J/bDrAimb7XYj/dnDF8UHAlWiRG/OzuPVDYfnyjSDz8U4PM0d8sE72zuXq6KjYfqo+YGz5aZjTeMwg==",
      "cpu": [
        "arm64"
      ],
      "optional": true,
      "os": [
        "win32"
      ]
    },
    "node_modules/@yuku-parser/binding-win32-x64": {
      "version": "0.4.4",
      "resolved": "https://registry.npmjs.org/@yuku-parser/binding-win32-x64/-/binding-win32-x64-0.4.4.tgz",
      "integrity": "sha512-3KTZTl5W0cXzugZ5wnIcevRdypmlBuBM8TVn2lASXjEQpOmG71ERM27o49/NK3QVPmvAHlYUmEiHw09OlUcK1g==",
      "cpu": [
        "x64"
      ],
      "optional": true,
      "os": [
        "win32"
      ]
    },
    "node_modules/ai": {
      "version": "6.0.158",
      "resolved": "https://registry.npmjs.org/ai/-/ai-6.0.158.tgz",
      "integrity": "sha512-gLTp1UXFtMqKUi3XHs33K7UFglbvojkxF/aq337TxnLGOhHIW9+GyP2jwW4hYX87f1es+wId3VQoPRRu9zEStQ==",
      "dev": true,
      "license": "Apache-2.0",
      "dependencies": {
        "@ai-sdk/gateway": "3.0.95",
        "@ai-sdk/provider": "3.0.8",
        "@ai-sdk/provider-utils": "4.0.23",
        "@opentelemetry/api": "1.9.0"
      },
      "engines": {
        "node": ">=18"
      },
      "peerDependencies": {
        "zod": "^3.25.76 || ^4.1.8"
      }
    },
    "node_modules/arkregex": {
      "version": "0.0.5",
      "resolved": "https://registry.npmjs.org/arkregex/-/arkregex-0.0.5.tgz",
      "integrity": "sha512-ncYjBdLlh5/QnVsAA8De16Tc9EqmYM7y/WU9j+236KcyYNUXogpz3sC4ATIZYzzLxwI+0sEOaQLEmLmRleaEXw==",
      "dev": true,
      "license": "MIT",
      "dependencies": {
        "@ark/util": "0.56.0"
      }
    },
    "node_modules/arktype": {
      "version": "2.1.29",
      "resolved": "https://registry.npmjs.org/arktype/-/arktype-2.1.29.tgz",
      "integrity": "sha512-jyfKk4xIOzvYNayqnD8ZJQqOwcrTOUbIU4293yrzAjA3O1dWh61j71ArMQ6tS/u4pD7vabSPe7nG3RCyoXW6RQ==",
      "dev": true,
      "license": "MIT",
      "dependencies": {
        "@ark/schema": "0.56.0",
        "@ark/util": "0.56.0",
        "arkregex": "0.0.5"
      }
    },
    "node_modules/bun-types": {
      "version": "1.3.6",
      "resolved": "https://registry.npmjs.org/bun-types/-/bun-types-1.3.6.tgz",
      "integrity": "sha512-OlFwHcnNV99r//9v5IIOgQ9Uk37gZqrNMCcqEaExdkVq3Avwqok1bJFmvGMCkCE0FqzdY8VMOZpfpR3lwI+CsQ==",
      "dev": true,
      "license": "MIT",
      "dependencies": {
        "@types/node": "*"
      }
    },
    "node_modules/eventsource-parser": {
      "version": "3.0.6",
      "resolved": "https://registry.npmjs.org/eventsource-parser/-/eventsource-parser-3.0.6.tgz",
      "integrity": "sha512-Vo1ab+QXPzZ4tCa8SwIHJFaSzy4R6SHf7BY79rFBDf0idraZWAkYrDjDj8uWaSm3S2TK+hJ7/t1CEmZ7jXw+pg==",
      "dev": true,
      "license": "MIT",
      "engines": {
        "node": ">=18.0.0"
      }
    },
    "node_modules/json-schema": {
      "version": "0.4.0",
      "resolved": "https://registry.npmjs.org/json-schema/-/json-schema-0.4.0.tgz",
      "integrity": "sha512-es94M3nTIfsEPisRafak+HDLfHXnKBhV3vU5eqPcS3flIWqcxJWgXHXiey3YrpaNsanY5ei1VoYEbOzijuq9BA==",
      "dev": true,
      "license": "(AFL-2.1 OR BSD-3-Clause)"
    },
    "node_modules/typescript": {
      "version": "5.9.3",
      "resolved": "https://registry.npmjs.org/typescript/-/typescript-5.9.3.tgz",
      "integrity": "sha512-jl1vZzPDinLr9eUt3J/t7V6FgNEw9QjvBPdysz9KfQDD41fQrC2Y4vKQdiaUpFT4bXlb1RHhLpp8wtm6M5TgSw==",
      "dev": true,
      "license": "Apache-2.0",
      "bin": {
        "tsc": "bin/tsc",
        "tsserver": "bin/tsserver"
      },
      "engines": {
        "node": ">=14.17"
      }
    },
    "node_modules/undici-types": {
      "version": "6.21.0",
      "resolved": "https://registry.npmjs.org/undici-types/-/undici-types-6.21.0.tgz",
      "integrity": "sha512-iwDZqg0QAGrg9Rav5H4n0M64c3mkR59cJ6wQp+7C4nI0gsmExaedaYLNO44eT4AtBBwjbTiGPMlt2Md0T9H9JQ==",
      "dev": true,
      "license": "MIT"
    },
    "node_modules/yuku-parser": {
      "version": "0.4.4",
      "resolved": "https://registry.npmjs.org/yuku-parser/-/yuku-parser-0.4.4.tgz",
      "integrity": "sha512-pM2RBhZi9ZspAKa5YTgGWaIDrNm8dzHHPEm2a0+EyGFUCa2ErfoYbFVZeb4Q+Cxmp6HjKDyeqYDa1fM1UDR8zA==",
      "license": "MIT",
      "optionalDependencies": {
        "@yuku-parser/binding-darwin-arm64": "0.4.4",
        "@yuku-parser/binding-darwin-x64": "0.4.4",
        "@yuku-parser/binding-freebsd-x64": "0.4.4",
        "@yuku-parser/binding-linux-arm-gnu": "0.4.4",
        "@yuku-parser/binding-linux-arm-musl": "0.4.4",
        "@yuku-parser/binding-linux-arm64-gnu": "0.4.4",
        "@yuku-parser/binding-linux-arm64-musl": "0.4.4",
        "@yuku-parser/binding-linux-x64-gnu": "0.4.4",
        "@yuku-parser/binding-linux-x64-musl": "0.4.4",
        "@yuku-parser/binding-win32-arm64": "0.4.4",
        "@yuku-parser/binding-win32-x64": "0.4.4"
      }
    },
    "node_modules/zod": {
      "version": "4.3.6",
      "resolved": "https://registry.npmjs.org/zod/-/zod-4.3.6.tgz",
      "integrity": "sha512-rftlrkhHZOcjDwkGlnUtZZkvaPHCsDATp4pGpuOOMDaTdDDXF91wuVDJoWoPsKX/3YPQ5fHuF3STjcYyKr+Qhg==",
      "dev": true,
      "license": "MIT",
      "peer": true,
      "funding": {
        "url": "https://github.com/sponsors/colinhacks"
      }
    },
    "node_modules/zod-to-json-schema": {
      "version": "3.25.1",
      "resolved": "https://registry.npmjs.org/zod-to-json-schema/-/zod-to-json-schema-3.25.1.tgz",
      "integrity": "sha512-pM/SU9d3YAggzi6MtR4h7ruuQlqKtad8e9S0fmxcMi+ueAK5Korys/aWcV9LIIHTVbj01NdzxcnXSN+O74ZIVA==",
      "dev": true,
      "license": "ISC",
      "peerDependencies": {
        "zod": "^3.25 || ^4"
      }
    }
  }
}
